
Microsoft Visual Studio Solution File, Format Version 12.00
# Visual Studio 2013
Project("{FAE04EC0-301F-11D3-BF4B-00C04F79EFBC}") = "UnityVS.Space Game.CSharp", "UnityVS.Space Game.CSharp.csproj", "{9FD476B1-5FCA-2084-BE79-4D90A798DBCC}"
EndProject
Global
	GlobalSection(SolutionConfigurationPlatforms) = preSolution
		Debug|Any CPU = Debug|Any CPU
		Release|Any CPU = Release|Any CPU
	EndGlobalSection
	GlobalSection(ProjectConfigurationPlatforms) = postSolution
		{9FD476B1-5FCA-2084-BE79-4D90A798DBCC}.Debug|Any CPU.ActiveCfg = Debug|Any CPU
		{9FD476B1-5FCA-2084-BE79-4D90A798DBCC}.Debug|Any CPU.Build.0 = Debug|Any CPU
		{9FD476B1-5FCA-2084-BE79-4D90A798DBCC}.Release|Any CPU.ActiveCfg = Release|Any CPU
		{9FD476B1-5FCA-2084-BE79-4D90A798DBCC}.Release|Any CPU.Build.0 = Release|Any CPU
	EndGlobalSection
	GlobalSection(SolutionProperties) = preSolution
		HideSolutionNode = FALSE
	EndGlobalSection
EndGlobal
