
Microsoft Visual Studio Solution File, Format Version 12.00
# Visual Studio 2013
VisualStudioVersion = 12.0.31101.0
MinimumVisualStudioVersion = 10.0.40219.1
Project("{2150E333-8FDC-42A3-9474-1A3956D46DE8}") = "SharedApp", "SharedApp", "{881754D8-FC60-4068-82DC-6DB35BC0FC23}"
EndProject
Project("{D954291E-2A0B-460D-934E-DC6B0785DB48}") = "SlotsPandamonium.Shared", "SlotsPandamonium\SlotsPandamonium.Shared\SlotsPandamonium.Shared.shproj", "{FBD9C0F4-4AA7-4096-9127-104D7EE3E00F}"
EndProject
Project("{262852C6-CD72-467D-83FE-5EEB1973A190}") = "SlotsPandamonium.Windows", "SlotsPandamonium\SlotsPandamonium.Windows\SlotsPandamonium.Windows.jsproj", "{A496FFFB-88BF-4C05-A9E0-AAAC7B6219CA}"
EndProject
Project("{262852C6-CD72-467D-83FE-5EEB1973A190}") = "SlotsPandamonium.WindowsPhone", "SlotsPandamonium\SlotsPandamonium.WindowsPhone\SlotsPandamonium.WindowsPhone.jsproj", "{22A7C87B-ADFE-4E56-A36E-130CEE433927}"
EndProject
Global
	GlobalSection(SharedMSBuildProjectFiles) = preSolution
		SlotsPandamonium\SlotsPandamonium.Shared\SlotsPandamonium.Shared.projitems*{a496fffb-88bf-4c05-a9e0-aaac7b6219ca}*SharedItemsImports = 5
		SlotsPandamonium\SlotsPandamonium.Shared\SlotsPandamonium.Shared.projitems*{22a7c87b-adfe-4e56-a36e-130cee433927}*SharedItemsImports = 5
		SlotsPandamonium\SlotsPandamonium.Shared\SlotsPandamonium.Shared.projitems*{fbd9c0f4-4aa7-4096-9127-104d7ee3e00f}*SharedItemsImports = 13
	EndGlobalSection
	GlobalSection(SolutionConfigurationPlatforms) = preSolution
		Debug|Any CPU = Debug|Any CPU
		Debug|ARM = Debug|ARM
		Debug|x64 = Debug|x64
		Debug|x86 = Debug|x86
		Release|Any CPU = Release|Any CPU
		Release|ARM = Release|ARM
		Release|x64 = Release|x64
		Release|x86 = Release|x86
	EndGlobalSection
	GlobalSection(ProjectConfigurationPlatforms) = postSolution
		{A496FFFB-88BF-4C05-A9E0-AAAC7B6219CA}.Debug|Any CPU.ActiveCfg = Debug|Any CPU
		{A496FFFB-88BF-4C05-A9E0-AAAC7B6219CA}.Debug|Any CPU.Build.0 = Debug|Any CPU
		{A496FFFB-88BF-4C05-A9E0-AAAC7B6219CA}.Debug|Any CPU.Deploy.0 = Debug|Any CPU
		{A496FFFB-88BF-4C05-A9E0-AAAC7B6219CA}.Debug|ARM.ActiveCfg = Debug|ARM
		{A496FFFB-88BF-4C05-A9E0-AAAC7B6219CA}.Debug|ARM.Build.0 = Debug|ARM
		{A496FFFB-88BF-4C05-A9E0-AAAC7B6219CA}.Debug|ARM.Deploy.0 = Debug|ARM
		{A496FFFB-88BF-4C05-A9E0-AAAC7B6219CA}.Debug|x64.ActiveCfg = Debug|x64
		{A496FFFB-88BF-4C05-A9E0-AAAC7B6219CA}.Debug|x64.Build.0 = Debug|x64
		{A496FFFB-88BF-4C05-A9E0-AAAC7B6219CA}.Debug|x64.Deploy.0 = Debug|x64
		{A496FFFB-88BF-4C05-A9E0-AAAC7B6219CA}.Debug|x86.ActiveCfg = Debug|x86
		{A496FFFB-88BF-4C05-A9E0-AAAC7B6219CA}.Debug|x86.Build.0 = Debug|x86
		{A496FFFB-88BF-4C05-A9E0-AAAC7B6219CA}.Debug|x86.Deploy.0 = Debug|x86
		{A496FFFB-88BF-4C05-A9E0-AAAC7B6219CA}.Release|Any CPU.ActiveCfg = Release|Any CPU
		{A496FFFB-88BF-4C05-A9E0-AAAC7B6219CA}.Release|Any CPU.Build.0 = Release|Any CPU
		{A496FFFB-88BF-4C05-A9E0-AAAC7B6219CA}.Release|Any CPU.Deploy.0 = Release|Any CPU
		{A496FFFB-88BF-4C05-A9E0-AAAC7B6219CA}.Release|ARM.ActiveCfg = Release|ARM
		{A496FFFB-88BF-4C05-A9E0-AAAC7B6219CA}.Release|ARM.Build.0 = Release|ARM
		{A496FFFB-88BF-4C05-A9E0-AAAC7B6219CA}.Release|ARM.Deploy.0 = Release|ARM
		{A496FFFB-88BF-4C05-A9E0-AAAC7B6219CA}.Release|x64.ActiveCfg = Release|x64
		{A496FFFB-88BF-4C05-A9E0-AAAC7B6219CA}.Release|x64.Build.0 = Release|x64
		{A496FFFB-88BF-4C05-A9E0-AAAC7B6219CA}.Release|x64.Deploy.0 = Release|x64
		{A496FFFB-88BF-4C05-A9E0-AAAC7B6219CA}.Release|x86.ActiveCfg = Release|x86
		{A496FFFB-88BF-4C05-A9E0-AAAC7B6219CA}.Release|x86.Build.0 = Release|x86
		{A496FFFB-88BF-4C05-A9E0-AAAC7B6219CA}.Release|x86.Deploy.0 = Release|x86
		{22A7C87B-ADFE-4E56-A36E-130CEE433927}.Debug|Any CPU.ActiveCfg = Debug|Any CPU
		{22A7C87B-ADFE-4E56-A36E-130CEE433927}.Debug|Any CPU.Build.0 = Debug|Any CPU
		{22A7C87B-ADFE-4E56-A36E-130CEE433927}.Debug|Any CPU.Deploy.0 = Debug|Any CPU
		{22A7C87B-ADFE-4E56-A36E-130CEE433927}.Debug|ARM.ActiveCfg = Debug|ARM
		{22A7C87B-ADFE-4E56-A36E-130CEE433927}.Debug|ARM.Build.0 = Debug|ARM
		{22A7C87B-ADFE-4E56-A36E-130CEE433927}.Debug|ARM.Deploy.0 = Debug|ARM
		{22A7C87B-ADFE-4E56-A36E-130CEE433927}.Debug|x64.ActiveCfg = Debug|Any CPU
		{22A7C87B-ADFE-4E56-A36E-130CEE433927}.Debug|x86.ActiveCfg = Debug|x86
		{22A7C87B-ADFE-4E56-A36E-130CEE433927}.Debug|x86.Build.0 = Debug|x86
		{22A7C87B-ADFE-4E56-A36E-130CEE433927}.Debug|x86.Deploy.0 = Debug|x86
		{22A7C87B-ADFE-4E56-A36E-130CEE433927}.Release|Any CPU.ActiveCfg = Release|Any CPU
		{22A7C87B-ADFE-4E56-A36E-130CEE433927}.Release|Any CPU.Build.0 = Release|Any CPU
		{22A7C87B-ADFE-4E56-A36E-130CEE433927}.Release|Any CPU.Deploy.0 = Release|Any CPU
		{22A7C87B-ADFE-4E56-A36E-130CEE433927}.Release|ARM.ActiveCfg = Release|ARM
		{22A7C87B-ADFE-4E56-A36E-130CEE433927}.Release|ARM.Build.0 = Release|ARM
		{22A7C87B-ADFE-4E56-A36E-130CEE433927}.Release|ARM.Deploy.0 = Release|ARM
		{22A7C87B-ADFE-4E56-A36E-130CEE433927}.Release|x64.ActiveCfg = Release|Any CPU
		{22A7C87B-ADFE-4E56-A36E-130CEE433927}.Release|x86.ActiveCfg = Release|x86
		{22A7C87B-ADFE-4E56-A36E-130CEE433927}.Release|x86.Build.0 = Release|x86
		{22A7C87B-ADFE-4E56-A36E-130CEE433927}.Release|x86.Deploy.0 = Release|x86
	EndGlobalSection
	GlobalSection(SolutionProperties) = preSolution
		HideSolutionNode = FALSE
	EndGlobalSection
	GlobalSection(NestedProjects) = preSolution
		{FBD9C0F4-4AA7-4096-9127-104D7EE3E00F} = {881754D8-FC60-4068-82DC-6DB35BC0FC23}
		{A496FFFB-88BF-4C05-A9E0-AAAC7B6219CA} = {881754D8-FC60-4068-82DC-6DB35BC0FC23}
		{22A7C87B-ADFE-4E56-A36E-130CEE433927} = {881754D8-FC60-4068-82DC-6DB35BC0FC23}
	EndGlobalSection
EndGlobal
